// !$*UTF8*$!
{
	archiveVersion = 1;
	classes = {
	};
	objectVersion = 46;
	objects = {

/* Begin PBXBuildFile section */
		3A338D641C76B5DB00985DEF /* KaraokeViewController.m in Sources */ = {isa = PBXBuildFile; fileRef = 3A338D631C76B5DB00985DEF /* KaraokeViewController.m */; };
		3A338D671C76B62500985DEF /* KaraokeTableViewController.m in Sources */ = {isa = PBXBuildFile; fileRef = 3A338D661C76B62500985DEF /* KaraokeTableViewController.m */; };
		3A338D6A1C76B63A00985DEF /* MahjongTableViewController.m in Sources */ = {isa = PBXBuildFile; fileRef = 3A338D691C76B63A00985DEF /* MahjongTableViewController.m */; };
		3A338D6D1C76B64C00985DEF /* PoolTableViewController.m in Sources */ = {isa = PBXBuildFile; fileRef = 3A338D6C1C76B64C00985DEF /* PoolTableViewController.m */; };
		3A338D701C784E4F00985DEF /* LAXTabBarController.m in Sources */ = {isa = PBXBuildFile; fileRef = 3A338D6F1C784E4F00985DEF /* LAXTabBarController.m */; };
		3A3B13771C62EA3B000E0732 /* main.m in Sources */ = {isa = PBXBuildFile; fileRef = 3A3B13761C62EA3B000E0732 /* main.m */; };
		3A3B137A1C62EA3B000E0732 /* AppDelegate.m in Sources */ = {isa = PBXBuildFile; fileRef = 3A3B13791C62EA3B000E0732 /* AppDelegate.m */; };
		3A3B13831C62EA3B000E0732 /* Main.storyboard in Resources */ = {isa = PBXBuildFile; fileRef = 3A3B13811C62EA3B000E0732 /* Main.storyboard */; };
		3A3B13851C62EA3B000E0732 /* Assets.xcassets in Resources */ = {isa = PBXBuildFile; fileRef = 3A3B13841C62EA3B000E0732 /* Assets.xcassets */; };
		3A3B13881C62EA3B000E0732 /* LaunchScreen.storyboard in Resources */ = {isa = PBXBuildFile; fileRef = 3A3B13861C62EA3B000E0732 /* LaunchScreen.storyboard */; };
		3A7F5E3A1C6821AD00B0F5CB /* CloudKit.framework in Frameworks */ = {isa = PBXBuildFile; fileRef = 3A7F5E391C6821AD00B0F5CB /* CloudKit.framework */; };
		3A7F5E401C6FB09600B0F5CB /* MahjongViewController.m in Sources */ = {isa = PBXBuildFile; fileRef = 3A7F5E3F1C6FB09600B0F5CB /* MahjongViewController.m */; };
		3A7F5E431C6FB0A400B0F5CB /* PoolViewController.m in Sources */ = {isa = PBXBuildFile; fileRef = 3A7F5E421C6FB0A400B0F5CB /* PoolViewController.m */; };
		3A7F5E461C6FB14800B0F5CB /* HomeViewController.m in Sources */ = {isa = PBXBuildFile; fileRef = 3A7F5E451C6FB14800B0F5CB /* HomeViewController.m */; };
		3A7F5E491C755DAE00B0F5CB /* AvailabilityTableViewController.m in Sources */ = {isa = PBXBuildFile; fileRef = 3A7F5E481C755DAE00B0F5CB /* AvailabilityTableViewController.m */; };
/* End PBXBuildFile section */

/* Begin PBXFileReference section */
		3A338D621C76B5DB00985DEF /* KaraokeViewController.h */ = {isa = PBXFileReference; fileEncoding = 4; lastKnownFileType = sourcecode.c.h; path = KaraokeViewController.h; sourceTree = "<group>"; };
		3A338D631C76B5DB00985DEF /* KaraokeViewController.m */ = {isa = PBXFileReference; fileEncoding = 4; lastKnownFileType = sourcecode.c.objc; path = KaraokeViewController.m; sourceTree = "<group>"; };
		3A338D651C76B62500985DEF /* KaraokeTableViewController.h */ = {isa = PBXFileReference; fileEncoding = 4; lastKnownFileType = sourcecode.c.h; path = KaraokeTableViewController.h; sourceTree = "<group>"; };
		3A338D661C76B62500985DEF /* KaraokeTableViewController.m */ = {isa = PBXFileReference; fileEncoding = 4; lastKnownFileType = sourcecode.c.objc; path = KaraokeTableViewController.m; sourceTree = "<group>"; };
		3A338D681C76B63A00985DEF /* MahjongTableViewController.h */ = {isa = PBXFileReference; fileEncoding = 4; lastKnownFileType = sourcecode.c.h; path = MahjongTableViewController.h; sourceTree = "<group>"; };
		3A338D691C76B63A00985DEF /* MahjongTableViewController.m */ = {isa = PBXFileReference; fileEncoding = 4; lastKnownFileType = sourcecode.c.objc; path = MahjongTableViewController.m; sourceTree = "<group>"; };
		3A338D6B1C76B64C00985DEF /* PoolTableViewController.h */ = {isa = PBXFileReference; fileEncoding = 4; lastKnownFileType = sourcecode.c.h; path = PoolTableViewController.h; sourceTree = "<group>"; };
		3A338D6C1C76B64C00985DEF /* PoolTableViewController.m */ = {isa = PBXFileReference; fileEncoding = 4; lastKnownFileType = sourcecode.c.objc; path = PoolTableViewController.m; sourceTree = "<group>"; };
		3A338D6E1C784E4F00985DEF /* LAXTabBarController.h */ = {isa = PBXFileReference; fileEncoding = 4; lastKnownFileType = sourcecode.c.h; path = LAXTabBarController.h; sourceTree = "<group>"; };
		3A338D6F1C784E4F00985DEF /* LAXTabBarController.m */ = {isa = PBXFileReference; fileEncoding = 4; lastKnownFileType = sourcecode.c.objc; path = LAXTabBarController.m; sourceTree = "<group>"; };
		3A3B13721C62EA3B000E0732 /* LAX.app */ = {isa = PBXFileReference; explicitFileType = wrapper.application; includeInIndex = 0; path = LAX.app; sourceTree = BUILT_PRODUCTS_DIR; };
		3A3B13761C62EA3B000E0732 /* main.m */ = {isa = PBXFileReference; lastKnownFileType = sourcecode.c.objc; path = main.m; sourceTree = "<group>"; };
		3A3B13781C62EA3B000E0732 /* AppDelegate.h */ = {isa = PBXFileReference; lastKnownFileType = sourcecode.c.h; path = AppDelegate.h; sourceTree = "<group>"; };
		3A3B13791C62EA3B000E0732 /* AppDelegate.m */ = {isa = PBXFileReference; lastKnownFileType = sourcecode.c.objc; path = AppDelegate.m; sourceTree = "<group>"; };
		3A3B13821C62EA3B000E0732 /* Base */ = {isa = PBXFileReference; lastKnownFileType = file.storyboard; name = Base; path = Base.lproj/Main.storyboard; sourceTree = "<group>"; };
		3A3B13841C62EA3B000E0732 /* Assets.xcassets */ = {isa = PBXFileReference; lastKnownFileType = folder.assetcatalog; path = Assets.xcassets; sourceTree = "<group>"; };
		3A3B13871C62EA3B000E0732 /* Base */ = {isa = PBXFileReference; lastKnownFileType = file.storyboard; name = Base; path = Base.lproj/LaunchScreen.storyboard; sourceTree = "<group>"; };
		3A3B13891C62EA3B000E0732 /* Info.plist */ = {isa = PBXFileReference; lastKnownFileType = text.plist.xml; path = Info.plist; sourceTree = "<group>"; };
		3A7F5E381C681E4100B0F5CB /* LAX.entitlements */ = {isa = PBXFileReference; lastKnownFileType = text.xml; path = LAX.entitlements; sourceTree = "<group>"; };
		3A7F5E391C6821AD00B0F5CB /* CloudKit.framework */ = {isa = PBXFileReference; lastKnownFileType = wrapper.framework; name = CloudKit.framework; path = System/Library/Frameworks/CloudKit.framework; sourceTree = SDKROOT; };
		3A7F5E3E1C6FB09600B0F5CB /* MahjongViewController.h */ = {isa = PBXFileReference; fileEncoding = 4; lastKnownFileType = sourcecode.c.h; path = MahjongViewController.h; sourceTree = "<group>"; };
		3A7F5E3F1C6FB09600B0F5CB /* MahjongViewController.m */ = {isa = PBXFileReference; fileEncoding = 4; lastKnownFileType = sourcecode.c.objc; path = MahjongViewController.m; sourceTree = "<group>"; };
		3A7F5E411C6FB0A400B0F5CB /* PoolViewController.h */ = {isa = PBXFileReference; fileEncoding = 4; lastKnownFileType = sourcecode.c.h; path = PoolViewController.h; sourceTree = "<group>"; };
		3A7F5E421C6FB0A400B0F5CB /* PoolViewController.m */ = {isa = PBXFileReference; fileEncoding = 4; lastKnownFileType = sourcecode.c.objc; path = PoolViewController.m; sourceTree = "<group>"; };
		3A7F5E441C6FB14800B0F5CB /* HomeViewController.h */ = {isa = PBXFileReference; fileEncoding = 4; lastKnownFileType = sourcecode.c.h; path = HomeViewController.h; sourceTree = "<group>"; };
		3A7F5E451C6FB14800B0F5CB /* HomeViewController.m */ = {isa = PBXFileReference; fileEncoding = 4; lastKnownFileType = sourcecode.c.objc; path = HomeViewController.m; sourceTree = "<group>"; };
		3A7F5E471C755DAE00B0F5CB /* AvailabilityTableViewController.h */ = {isa = PBXFileReference; fileEncoding = 4; lastKnownFileType = sourcecode.c.h; path = AvailabilityTableViewController.h; sourceTree = "<group>"; };
		3A7F5E481C755DAE00B0F5CB /* AvailabilityTableViewController.m */ = {isa = PBXFileReference; fileEncoding = 4; lastKnownFileType = sourcecode.c.objc; path = AvailabilityTableViewController.m; sourceTree = "<group>"; };
/* End PBXFileReference section */

/* Begin PBXFrameworksBuildPhase section */
		3A3B136F1C62EA3B000E0732 /* Frameworks */ = {
			isa = PBXFrameworksBuildPhase;
			buildActionMask = 2147483647;
			files = (
				3A7F5E3A1C6821AD00B0F5CB /* CloudKit.framework in Frameworks */,
			);
			runOnlyForDeploymentPostprocessing = 0;
		};
/* End PBXFrameworksBuildPhase section */

/* Begin PBXGroup section */
		3A338D711C784EC100985DEF /* CustomViews */ = {
			isa = PBXGroup;
			children = (
				3A338D6E1C784E4F00985DEF /* LAXTabBarController.h */,
				3A338D6F1C784E4F00985DEF /* LAXTabBarController.m */,
			);
			name = CustomViews;
			sourceTree = "<group>";
		};
		3A338D721C784F2700985DEF /* TableViewControllers */ = {
			isa = PBXGroup;
			children = (
				3A7F5E471C755DAE00B0F5CB /* AvailabilityTableViewController.h */,
				3A7F5E481C755DAE00B0F5CB /* AvailabilityTableViewController.m */,
				3A338D681C76B63A00985DEF /* MahjongTableViewController.h */,
				3A338D691C76B63A00985DEF /* MahjongTableViewController.m */,
				3A338D6B1C76B64C00985DEF /* PoolTableViewController.h */,
				3A338D6C1C76B64C00985DEF /* PoolTableViewController.m */,
				3A338D651C76B62500985DEF /* KaraokeTableViewController.h */,
				3A338D661C76B62500985DEF /* KaraokeTableViewController.m */,
			);
			name = TableViewControllers;
			sourceTree = "<group>";
		};
		3A338D731C784F3500985DEF /* ViewControllers */ = {
			isa = PBXGroup;
			children = (
				3A7F5E441C6FB14800B0F5CB /* HomeViewController.h */,
				3A7F5E451C6FB14800B0F5CB /* HomeViewController.m */,
				3A7F5E3E1C6FB09600B0F5CB /* MahjongViewController.h */,
				3A7F5E3F1C6FB09600B0F5CB /* MahjongViewController.m */,
				3A7F5E411C6FB0A400B0F5CB /* PoolViewController.h */,
				3A7F5E421C6FB0A400B0F5CB /* PoolViewController.m */,
				3A338D621C76B5DB00985DEF /* KaraokeViewController.h */,
				3A338D631C76B5DB00985DEF /* KaraokeViewController.m */,
			);
			name = ViewControllers;
			sourceTree = "<group>";
		};
		3A3B13691C62EA3B000E0732 = {
			isa = PBXGroup;
			children = (
				3A7F5E391C6821AD00B0F5CB /* CloudKit.framework */,
				3A3B13741C62EA3B000E0732 /* LAX */,
				3A3B13731C62EA3B000E0732 /* Products */,
			);
			sourceTree = "<group>";
		};
		3A3B13731C62EA3B000E0732 /* Products */ = {
			isa = PBXGroup;
			children = (
				3A3B13721C62EA3B000E0732 /* LAX.app */,
			);
			name = Products;
			sourceTree = "<group>";
		};
		3A3B13741C62EA3B000E0732 /* LAX */ = {
			isa = PBXGroup;
			children = (
				3A3B13781C62EA3B000E0732 /* AppDelegate.h */,
				3A3B13791C62EA3B000E0732 /* AppDelegate.m */,
				3A338D711C784EC100985DEF /* CustomViews */,
				3A338D731C784F3500985DEF /* ViewControllers */,
				3A338D721C784F2700985DEF /* TableViewControllers */,
				3A3B13811C62EA3B000E0732 /* Main.storyboard */,
				3A3B13861C62EA3B000E0732 /* LaunchScreen.storyboard */,
				3A3B13841C62EA3B000E0732 /* Assets.xcassets */,
				3A3B13751C62EA3B000E0732 /* Supporting Files */,
			);
			path = LAX;
			sourceTree = "<group>";
		};
		3A3B13751C62EA3B000E0732 /* Supporting Files */ = {
			isa = PBXGroup;
			children = (
				3A7F5E381C681E4100B0F5CB /* LAX.entitlements */,
				3A3B13891C62EA3B000E0732 /* Info.plist */,
				3A3B13761C62EA3B000E0732 /* main.m */,
			);
			name = "Supporting Files";
			sourceTree = "<group>";
		};
/* End PBXGroup section */

/* Begin PBXNativeTarget section */
		3A3B13711C62EA3B000E0732 /* LAX */ = {
			isa = PBXNativeTarget;
			buildConfigurationList = 3A3B138C1C62EA3B000E0732 /* Build configuration list for PBXNativeTarget "LAX" */;
			buildPhases = (
				3A3B136E1C62EA3B000E0732 /* Sources */,
				3A3B136F1C62EA3B000E0732 /* Frameworks */,
				3A3B13701C62EA3B000E0732 /* Resources */,
			);
			buildRules = (
			);
			dependencies = (
			);
			name = LAX;
			productName = LAX;
			productReference = 3A3B13721C62EA3B000E0732 /* LAX.app */;
			productType = "com.apple.product-type.application";
		};
/* End PBXNativeTarget section */

/* Begin PBXProject section */
		3A3B136A1C62EA3B000E0732 /* Project object */ = {
			isa = PBXProject;
			attributes = {
				LastUpgradeCheck = 0710;
				ORGANIZATIONNAME = AYOH;
				TargetAttributes = {
					3A3B13711C62EA3B000E0732 = {
						CreatedOnToolsVersion = 7.1;
						DevelopmentTeam = UM9YJ48CFT;
						SystemCapabilities = {
							com.apple.iCloud = {
								enabled = 1;
							};
						};
					};
				};
			};
			buildConfigurationList = 3A3B136D1C62EA3B000E0732 /* Build configuration list for PBXProject "LAX" */;
			compatibilityVersion = "Xcode 3.2";
			developmentRegion = English;
			hasScannedForEncodings = 0;
			knownRegions = (
				en,
				Base,
			);
			mainGroup = 3A3B13691C62EA3B000E0732;
			productRefGroup = 3A3B13731C62EA3B000E0732 /* Products */;
			projectDirPath = "";
			projectRoot = "";
			targets = (
				3A3B13711C62EA3B000E0732 /* LAX */,
			);
		};
/* End PBXProject section */

/* Begin PBXResourcesBuildPhase section */
		3A3B13701C62EA3B000E0732 /* Resources */ = {
			isa = PBXResourcesBuildPhase;
			buildActionMask = 2147483647;
			files = (
				3A3B13881C62EA3B000E0732 /* LaunchScreen.storyboard in Resources */,
				3A3B13851C62EA3B000E0732 /* Assets.xcassets in Resources */,
				3A3B13831C62EA3B000E0732 /* Main.storyboard in Resources */,
			);
			runOnlyForDeploymentPostprocessing = 0;
		};
/* End PBXResourcesBuildPhase section */

/* Begin PBXSourcesBuildPhase section */
		3A3B136E1C62EA3B000E0732 /* Sources */ = {
			isa = PBXSourcesBuildPhase;
			buildActionMask = 2147483647;
			files = (
				3A3B137A1C62EA3B000E0732 /* AppDelegate.m in Sources */,
				3A7F5E431C6FB0A400B0F5CB /* PoolViewController.m in Sources */,
				3A3B13771C62EA3B000E0732 /* main.m in Sources */,
				3A7F5E491C755DAE00B0F5CB /* AvailabilityTableViewController.m in Sources */,
				3A338D671C76B62500985DEF /* KaraokeTableViewController.m in Sources */,
				3A338D6A1C76B63A00985DEF /* MahjongTableViewController.m in Sources */,
				3A7F5E401C6FB09600B0F5CB /* MahjongViewController.m in Sources */,
				3A338D6D1C76B64C00985DEF /* PoolTableViewController.m in Sources */,
				3A338D701C784E4F00985DEF /* LAXTabBarController.m in Sources */,
				3A7F5E461C6FB14800B0F5CB /* HomeViewController.m in Sources */,
				3A338D641C76B5DB00985DEF /* KaraokeViewController.m in Sources */,
			);
			runOnlyForDeploymentPostprocessing = 0;
		};
/* End PBXSourcesBuildPhase section */

/* Begin PBXVariantGroup section */
		3A3B13811C62EA3B000E0732 /* Main.storyboard */ = {
			isa = PBXVariantGroup;
			children = (
				3A3B13821C62EA3B000E0732 /* Base */,
			);
			name = Main.storyboard;
			sourceTree = "<group>";
		};
		3A3B13861C62EA3B000E0732 /* LaunchScreen.storyboard */ = {
			isa = PBXVariantGroup;
			children = (
				3A3B13871C62EA3B000E0732 /* Base */,
			);
			name = LaunchScreen.storyboard;
			sourceTree = "<group>";
		};
/* End PBXVariantGroup section */

/* Begin XCBuildConfiguration section */
		3A3B138A1C62EA3B000E0732 /* Debug */ = {
			isa = XCBuildConfiguration;
			buildSettings = {
				ALWAYS_SEARCH_USER_PATHS = NO;
				CLANG_CXX_LANGUAGE_STANDARD = "gnu++0x";
				CLANG_CXX_LIBRARY = "libc++";
				CLANG_ENABLE_MODULES = YES;
				CLANG_ENABLE_OBJC_ARC = YES;
				CLANG_WARN_BOOL_CONVERSION = YES;
				CLANG_WARN_CONSTANT_CONVERSION = YES;
				CLANG_WARN_DIRECT_OBJC_ISA_USAGE = YES_ERROR;
				CLANG_WARN_EMPTY_BODY = YES;
				CLANG_WARN_ENUM_CONVERSION = YES;
				CLANG_WARN_INT_CONVERSION = YES;
				CLANG_WARN_OBJC_ROOT_CLASS = YES_ERROR;
				CLANG_WARN_UNREACHABLE_CODE = YES;
				CLANG_WARN__DUPLICATE_METHOD_MATCH = YES;
				"CODE_SIGN_IDENTITY[sdk=iphoneos*]" = "iPhone Developer";
				COPY_PHASE_STRIP = NO;
				DEBUG_INFORMATION_FORMAT = dwarf;
				ENABLE_STRICT_OBJC_MSGSEND = YES;
				ENABLE_TESTABILITY = YES;
				GCC_C_LANGUAGE_STANDARD = gnu99;
				GCC_DYNAMIC_NO_PIC = NO;
				GCC_NO_COMMON_BLOCKS = YES;
				GCC_OPTIMIZATION_LEVEL = 0;
				GCC_PREPROCESSOR_DEFINITIONS = (
					"DEBUG=1",
					"$(inherited)",
				);
				GCC_WARN_64_TO_32_BIT_CONVERSION = YES;
				GCC_WARN_ABOUT_RETURN_TYPE = YES_ERROR;
				GCC_WARN_UNDECLARED_SELECTOR = YES;
				GCC_WARN_UNINITIALIZED_AUTOS = YES_AGGRESSIVE;
				GCC_WARN_UNUSED_FUNCTION = YES;
				GCC_WARN_UNUSED_VARIABLE = YES;
				IPHONEOS_DEPLOYMENT_TARGET = 9.1;
				MTL_ENABLE_DEBUG_INFO = YES;
				ONLY_ACTIVE_ARCH = YES;
				SDKROOT = iphoneos;
			};
			name = Debug;
		};
		3A3B138B1C62EA3B000E0732 /* Release */ = {
			isa = XCBuildConfiguration;
			buildSettings = {
				ALWAYS_SEARCH_USER_PATHS = NO;
				CLANG_CXX_LANGUAGE_STANDARD = "gnu++0x";
				CLANG_CXX_LIBRARY = "libc++";
				CLANG_ENABLE_MODULES = YES;
				CLANG_ENABLE_OBJC_ARC = YES;
				CLANG_WARN_BOOL_CONVERSION = YES;
				CLANG_WARN_CONSTANT_CONVERSION = YES;
				CLANG_WARN_DIRECT_OBJC_ISA_USAGE = YES_ERROR;
				CLANG_WARN_EMPTY_BODY = YES;
				CLANG_WARN_ENUM_CONVERSION = YES;
				CLANG_WARN_INT_CONVERSION = YES;
				CLANG_WARN_OBJC_ROOT_CLASS = YES_ERROR;
				CLANG_WARN_UNREACHABLE_CODE = YES;
				CLANG_WARN__DUPLICATE_METHOD_MATCH = YES;
				"CODE_SIGN_IDENTITY[sdk=iphoneos*]" = "iPhone Developer";
				COPY_PHASE_STRIP = NO;
				DEBUG_INFORMATION_FORMAT = "dwarf-with-dsym";
				ENABLE_NS_ASSERTIONS = NO;
				ENABLE_STRICT_OBJC_MSGSEND = YES;
				GCC_C_LANGUAGE_STANDARD = gnu99;
				GCC_NO_COMMON_BLOCKS = YES;
				GCC_WARN_64_TO_32_BIT_CONVERSION = YES;
				GCC_WARN_ABOUT_RETURN_TYPE = YES_ERROR;
				GCC_WARN_UNDECLARED_SELECTOR = YES;
				GCC_WARN_UNINITIALIZED_AUTOS = YES_AGGRESSIVE;
				GCC_WARN_UNUSED_FUNCTION = YES;
				GCC_WARN_UNUSED_VARIABLE = YES;
				IPHONEOS_DEPLOYMENT_TARGET = 9.1;
				MTL_ENABLE_DEBUG_INFO = NO;
				SDKROOT = iphoneos;
				VALIDATE_PRODUCT = YES;
			};
			name = Release;
		};
		3A3B138D1C62EA3B000E0732 /* Debug */ = {
			isa = XCBuildConfiguration;
			buildSettings = {
				ASSETCATALOG_COMPILER_APPICON_NAME = AppIcon;
				CODE_SIGN_ENTITLEMENTS = LAX/LAX.entitlements;
				CODE_SIGN_IDENTITY = "iPhone Developer";
				"CODE_SIGN_IDENTITY[sdk=iphoneos*]" = "iPhone Developer";
				INFOPLIST_FILE = LAX/Info.plist;
				LD_RUNPATH_SEARCH_PATHS = "$(inherited) @executable_path/Frameworks";
				PRODUCT_BUNDLE_IDENTIFIER = ao.LAX;
				PRODUCT_NAME = "$(TARGET_NAME)";
				PROVISIONING_PROFILE = "";
			};
			name = Debug;
		};
		3A3B138E1C62EA3B000E0732 /* Release */ = {
			isa = XCBuildConfiguration;
			buildSettings = {
				ASSETCATALOG_COMPILER_APPICON_NAME = AppIcon;
				CODE_SIGN_ENTITLEMENTS = LAX/LAX.entitlements;
				CODE_SIGN_IDENTITY = "iPhone Developer";
				"CODE_SIGN_IDENTITY[sdk=iphoneos*]" = "iPhone Developer";
				INFOPLIST_FILE = LAX/Info.plist;
				LD_RUNPATH_SEARCH_PATHS = "$(inherited) @executable_path/Frameworks";
				PRODUCT_BUNDLE_IDENTIFIER = ao.LAX;
				PRODUCT_NAME = "$(TARGET_NAME)";
				PROVISIONING_PROFILE = "";
			};
			name = Release;
		};
/* End XCBuildConfiguration section */

/* Begin XCConfigurationList section */
		3A3B136D1C62EA3B000E0732 /* Build configuration list for PBXProject "LAX" */ = {
			isa = XCConfigurationList;
			buildConfigurations = (
				3A3B138A1C62EA3B000E0732 /* Debug */,
				3A3B138B1C62EA3B000E0732 /* Release */,
			);
			defaultConfigurationIsVisible = 0;
			defaultConfigurationName = Release;
		};
		3A3B138C1C62EA3B000E0732 /* Build configuration list for PBXNativeTarget "LAX" */ = {
			isa = XCConfigurationList;
			buildConfigurations = (
				3A3B138D1C62EA3B000E0732 /* Debug */,
				3A3B138E1C62EA3B000E0732 /* Release */,
			);
			defaultConfigurationIsVisible = 0;
			defaultConfigurationName = Release;
		};
/* End XCConfigurationList section */
	};
	rootObject = 3A3B136A1C62EA3B000E0732 /* Project object */;
}
